
Microsoft Visual Studio Solution File, Format Version 12.00
# Visual Studio Version 17
VisualStudioVersion = 17.13.35931.197 d17.13
MinimumVisualStudioVersion = 10.0.40219.1
Project("{FAE04EC0-301F-11D3-BF4B-00C04F79EFBC}") = "assignment-1", "assignment-1\assignment-1.csproj", "{AB2B59B3-1145-4917-AFF5-7AE1EEC7E738}"
EndProject
Project("{FAE04EC0-301F-11D3-BF4B-00C04F79EFBC}") = "assignment-2", "assignment-2\assignment-2.csproj", "{9D86B411-8168-4EE5-B459-8F23C259939E}"
EndProject
Global
	GlobalSection(SolutionConfigurationPlatforms) = preSolution
		Debug|Any CPU = Debug|Any CPU
		Release|Any CPU = Release|Any CPU
	EndGlobalSection
	GlobalSection(ProjectConfigurationPlatforms) = postSolution
		{AB2B59B3-1145-4917-AFF5-7AE1EEC7E738}.Debug|Any CPU.ActiveCfg = Debug|Any CPU
		{AB2B59B3-1145-4917-AFF5-7AE1EEC7E738}.Debug|Any CPU.Build.0 = Debug|Any CPU
		{AB2B59B3-1145-4917-AFF5-7AE1EEC7E738}.Release|Any CPU.ActiveCfg = Release|Any CPU
		{AB2B59B3-1145-4917-AFF5-7AE1EEC7E738}.Release|Any CPU.Build.0 = Release|Any CPU
		{9D86B411-8168-4EE5-B459-8F23C259939E}.Debug|Any CPU.ActiveCfg = Debug|Any CPU
		{9D86B411-8168-4EE5-B459-8F23C259939E}.Debug|Any CPU.Build.0 = Debug|Any CPU
		{9D86B411-8168-4EE5-B459-8F23C259939E}.Release|Any CPU.ActiveCfg = Release|Any CPU
		{9D86B411-8168-4EE5-B459-8F23C259939E}.Release|Any CPU.Build.0 = Release|Any CPU
	EndGlobalSection
	GlobalSection(SolutionProperties) = preSolution
		HideSolutionNode = FALSE
	EndGlobalSection
	GlobalSection(ExtensibilityGlobals) = postSolution
		SolutionGuid = {6AEC4D21-E69A-4741-A4AD-429B96B23CEF}
	EndGlobalSection
EndGlobal
